{
    "_meta": {
        "hash": {
            "sha256": "1765d1f74fe3da6ef2e3c3e6217842d023ff9a65a271ed168d238747be3e93ea"
        },
        "pipfile-spec": 6,
        "requires": {
            "python_version": "3.11"
        },
        "sources": [
            {
                "name": "pypi",
                "url": "https://pypi.org/simple",
                "verify_ssl": true
            }
        ]
    },
    "default": {
        "grpcio": {
            "hashes": [
                "sha256:0ae444221b2c16d8211b55326f8ba173ba8f8c76349bfc1768198ba592b58f74",
                "sha256:0b84445fa94d59e6806c10266b977f92fa997db3585f125d6b751af02ff8b9fe",
                "sha256:14890da86a0c0e9dc1ea8e90101d7a3e0e7b1e71f4487fab36e2bfd2ecadd13c",
                "sha256:15f03bd714f987d48ae57fe092cf81960ae36da4e520e729392a59a75cda4f29",
                "sha256:1a839ba86764cc48226f50b924216000c79779c563a301586a107bda9cbe9dcf",
                "sha256:225e5fa61c35eeaebb4e7491cd2d768cd8eb6ed00f2664fa83a58f29418b39fd",
                "sha256:228b91ce454876d7eed74041aff24a8f04c0306b7250a2da99d35dd25e2a1211",
                "sha256:2ea95cd6abbe20138b8df965b4a8674ec312aaef3147c0f46a0bac661f09e8d0",
                "sha256:2f120d27051e4c59db2f267b71b833796770d3ea36ca712befa8c5fff5da6ebd",
                "sha256:34341d9e81a4b669a5f5dca3b2a760b6798e95cdda2b173e65d29d0b16692857",
                "sha256:3859917de234a0a2a52132489c4425a73669de9c458b01c9a83687f1f31b5b10",
                "sha256:38823bd088c69f59966f594d087d3a929d1ef310506bee9e3648317660d65b81",
                "sha256:38da5310ef84e16d638ad89550b5b9424df508fd5c7b968b90eb9629ca9be4b9",
                "sha256:3b8ff795d35a93d1df6531f31c1502673d1cebeeba93d0f9bd74617381507e3f",
                "sha256:50eff97397e29eeee5df106ea1afce3ee134d567aa2c8e04fabab05c79d791a7",
                "sha256:5711c51e204dc52065f4a3327dca46e69636a0b76d3e98c2c28c4ccef9b04c52",
                "sha256:598f3530231cf10ae03f4ab92d48c3be1fee0c52213a1d5958df1a90957e6a88",
                "sha256:611d9aa0017fa386809bddcb76653a5ab18c264faf4d9ff35cb904d44745f575",
                "sha256:61bc72a00ecc2b79d9695220b4d02e8ba53b702b42411397e831c9b0589f08a3",
                "sha256:63982150a7d598281fa1d7ffead6096e543ff8be189d3235dd2b5604f2c553e5",
                "sha256:6c4b1cc3a9dc1924d2eb26eec8792fedd4b3fcd10111e26c1d551f2e4eda79ce",
                "sha256:81d86a096ccd24a57fa5772a544c9e566218bc4de49e8c909882dae9d73392df",
                "sha256:849c47ef42424c86af069a9c5e691a765e304079755d5c29eff511263fad9c2a",
                "sha256:871371ce0c0055d3db2a86fdebd1e1d647cf21a8912acc30052660297a5a6901",
                "sha256:8cd2d38c2d52f607d75a74143113174c36d8a416d9472415eab834f837580cf7",
                "sha256:936b2e04663660c600d5173bc2cc84e15adbad9c8f71946eb833b0afc205b996",
                "sha256:93e9cb546e610829e462147ce724a9cb108e61647a3454500438a6deef610be1",
                "sha256:956f0b7cb465a65de1bd90d5a7475b4dc55089b25042fe0f6c870707e9aabb1d",
                "sha256:986de4aa75646e963466b386a8c5055c8b23a26a36a6c99052385d6fe8aaf180",
                "sha256:aca8a24fef80bef73f83eb8153f5f5a0134d9539b4c436a716256b311dda90a6",
                "sha256:acf70a63cf09dd494000007b798aff88a436e1c03b394995ce450be437b8e54f",
                "sha256:b34c7a4c31841a2ea27246a05eed8a80c319bfc0d3e644412ec9ce437105ff6c",
                "sha256:b95ec8ecc4f703f5caaa8d96e93e40c7f589bad299a2617bdb8becbcce525539",
                "sha256:ba0ca727a173ee093f49ead932c051af463258b4b493b956a2c099696f38aa66",
                "sha256:c041a91712bf23b2a910f61e16565a05869e505dc5a5c025d429ca6de5de842c",
                "sha256:c0488c2b0528e6072010182075615620071371701733c63ab5be49140ed8f7f0",
                "sha256:c173a87d622ea074ce79be33b952f0b424fa92182063c3bda8625c11d3585d09",
                "sha256:c251d22de8f9f5cca9ee47e4bade7c5c853e6e40743f47f5cc02288ee7a87252",
                "sha256:c4dfdb49f4997dc664f30116af2d34751b91aa031f8c8ee251ce4dcfc11277b0",
                "sha256:ca87ee6183421b7cea3544190061f6c1c3dfc959e0b57a5286b108511fd34ff4",
                "sha256:ceb1e68135788c3fce2211de86a7597591f0b9a0d2bb80e8401fd1d915991bac",
                "sha256:d09bd2a4e9f5a44d36bb8684f284835c14d30c22d8ec92ce796655af12163588",
                "sha256:d0fcf53df684fcc0154b1e61f6b4a8c4cf5f49d98a63511e3f30966feff39cd0",
                "sha256:d74f7d2d7c242a6af9d4d069552ec3669965b74fed6b92946e0e13b4168374f9",
                "sha256:de2599985b7c1b4ce7526e15c969d66b93687571aa008ca749d6235d056b7205",
                "sha256:e5378785dce2b91eb2e5b857ec7602305a3b5cf78311767146464bfa365fc897",
                "sha256:ec78aebb9b6771d6a1de7b6ca2f779a2f6113b9108d486e904bde323d51f5589",
                "sha256:f1feb034321ae2f718172d86b8276c03599846dc7bb1792ae370af02718f91c5",
                "sha256:f21917aa50b40842b51aff2de6ebf9e2f6af3fe0971c31960ad6a3a2b24988f4",
                "sha256:f367e4b524cb319e50acbdea57bb63c3b717c5d561974ace0b065a648bb3bad3",
                "sha256:f6cfe44a5d7c7d5f1017a7da1c8160304091ca5dc64a0f85bca0d63008c3137a",
                "sha256:fa66cac32861500f280bb60fe7d5b3e22d68c51e18e65367e38f8669b78cea3b",
                "sha256:fc8bf2e7bc725e76c0c11e474634a08c8f24bcf7426c0c6d60c8f9c6e70e4d4a",
                "sha256:fe976910de34d21057bcb53b2c5e667843588b48bf11339da2a75f5c4c5b4055"
            ],
            "index": "pypi",
            "markers": "python_version >= '3.7'",
            "version": "==1.59.0"
        },
        "grpcio-tools": {
            "hashes": [
                "sha256:0548e901894399886ff4a4cd808cb850b60c021feb4a8977a0751f14dd7e55d9",
                "sha256:05bf7b3ed01c8a562bb7e840f864c58acedbd6924eb616367c0bd0a760bdf483",
                "sha256:1d551ff42962c7c333c3da5c70d5e617a87dee581fa2e2c5ae2d5137c8886779",
                "sha256:1df755951f204e65bf9232a9cac5afe7d6b8e4c87ac084d3ecd738fdc7aa4174",
                "sha256:204e08f807b1d83f5f0efea30c4e680afe26a43dec8ba614a45fa698a7ef0a19",
                "sha256:240a7a3c2c54f77f1f66085a635bca72003d02f56a670e7db19aec531eda8f78",
                "sha256:26eb2eebf150a33ebf088e67c1acf37eb2ac4133d9bfccbaa011ad2148c08b42",
                "sha256:27a7f226b741b2ebf7e2d0779d2c9b17f446d1b839d59886c1619e62cc2ae472",
                "sha256:2d970aa26854f535ffb94ea098aa8b43de020d9a14682e4a15dcdaeac7801b27",
                "sha256:2ee960904dde12a7fa48e1591a5b3eeae054bdce57bacf9fd26685a98138f5bf",
                "sha256:335e2f355a0c544a88854e2c053aff8a3f398b84a263a96fa19d063ca1fe513a",
                "sha256:387662bee8e4c0b52cc0f61eaaca0ca583f5b227103f685b76083a3590a71a3e",
                "sha256:40cbf712769242c2ba237745285ef789114d7fcfe8865fc4817d87f20015e99a",
                "sha256:4499d4bc5aa9c7b645018d8b0db4bebd663d427aabcd7bee7777046cb1bcbca7",
                "sha256:498e7be0b14385980efa681444ba481349c131fc5ec88003819f5d929646947c",
                "sha256:4a10e59cca462208b489478340b52a96d64e8b8b6f1ac097f3e8cb211d3f66c0",
                "sha256:4ee443abcd241a5befb05629013fbf2eac637faa94aaa3056351aded8a31c1bc",
                "sha256:51d9595629998d8b519126c5a610f15deb0327cd6325ed10796b47d1d292e70b",
                "sha256:520c0c83ea79d14b0679ba43e19c64ca31d30926b26ad2ca7db37cbd89c167e2",
                "sha256:5b2d6da553980c590487f2e7fd3ec9c1ad8805ff2ec77977b92faa7e3ca14e1f",
                "sha256:6119f62c462d119c63227b9534210f0f13506a888151b9bf586f71e7edf5088b",
                "sha256:6aec8a4ed3808b7dfc1276fe51e3e24bec0eeaf610d395bcd42934647cf902a3",
                "sha256:71cc6db1d66da3bc3730d9937bddc320f7b1f1dfdff6342bcb5741515fe4110b",
                "sha256:784aa52965916fec5afa1a28eeee6f0073bb43a2a1d7fedf963393898843077a",
                "sha256:821dba464d84ebbcffd9d420302404db2fa7a40c7ff4c4c4c93726f72bfa2769",
                "sha256:868892ad9e00651a38dace3e4924bae82fc4fd4df2c65d37b74381570ee8deb1",
                "sha256:882b809b42b5464bee55288f4e60837297f9618e53e69ae3eea6d61b05ce48fa",
                "sha256:8c4634b3589efa156a8d5860c0a2547315bd5c9e52d14c960d716fe86e0927be",
                "sha256:8f0da5861ee276ca68493b217daef358960e8527cc63c7cb292ca1c9c54939af",
                "sha256:962d1a3067129152cee3e172213486cb218a6bad703836991f46f216caefcf00",
                "sha256:99b3bde646720bbfb77f263f5ba3e1a0de50632d43c38d405a0ef9c7e94373cd",
                "sha256:9af7e138baa9b2895cf1f3eb718ac96fc5ae2f8e31fca405e21e0e5cd1643c52",
                "sha256:9ed05197c5ab071e91bcef28901e97ca168c4ae94510cb67a14cb4931b94255a",
                "sha256:9fc02a6e517c34dcf885ff3b57260b646551083903e3d2c780b4971ce7d4ab7c",
                "sha256:a4f6cae381f21fee1ef0a5cbbbb146680164311157ae618edf3061742d844383",
                "sha256:aa4018f2d8662ac4d9830445d3d253a11b3e096e8afe20865547137aa1160e93",
                "sha256:b519f2ecde9a579cad2f4a7057d5bb4e040ad17caab8b5e691ed7a13b9db0be9",
                "sha256:b8e95d921cc2a1521d4750eedefec9f16031457920a6677edebe9d1b2ad6ae60",
                "sha256:bb87158dbbb9e5a79effe78d54837599caa16df52d8d35366e06a91723b587ae",
                "sha256:bfa4b2b7d21c5634b62e5f03462243bd705adc1a21806b5356b8ce06d902e160",
                "sha256:c683be38a9bf4024c223929b4cd2f0a0858c94e9dc8b36d7eaa5a48ce9323a6f",
                "sha256:cb63055739808144b541986291679d643bae58755d0eb082157c4d4c04443905",
                "sha256:d0f0806de1161c7f248e4c183633ee7a58dfe45c2b77ddf0136e2e7ad0650b1b",
                "sha256:db030140d0da2368319e2f23655df3baec278c7e0078ecbe051eaf609a69382c",
                "sha256:de156c18b0c638aaee3be6ad650c8ba7dec94ed4bac26403aec3dce95ffe9407",
                "sha256:df85096fcac7cea8aa5bd84b7a39c4cdbf556b93669bb4772eb96aacd3222a4e",
                "sha256:e312ddc2d8bec1a23306a661ad52734f984c9aad5d8f126ebb222a778d95407d",
                "sha256:eeed386971bb8afc3ec45593df6a1154d680d87be1209ef8e782e44f85f47e64",
                "sha256:ef3e8aca2261f7f07436d4e2111556c1fb9bf1f9cfcdf35262743ccdee1b6ce9",
                "sha256:f14a6e4f700dfd30ff8f0e6695f944affc16ae5a1e738666b3fae4e44b65637e",
                "sha256:f1c684c0d9226d04cadafced620a46ab38c346d0780eaac7448da96bf12066a3",
                "sha256:f381ae3ad6a5eb27aad8d810438937d8228977067c54e0bd456fce7e11fdbf3d",
                "sha256:f6263b85261b62471cb97b7505df72d72b8b62e5e22d8184924871a6155b4dbf",
                "sha256:f965707da2b48a33128615bcfebedd215a3a30e346447e885bb3da37a143177a"
            ],
            "index": "pypi",
            "markers": "python_version >= '3.7'",
            "version": "==1.59.0"
        },
        "kaikosdk": {
            "hashes": [
                "sha256:b3db1d88c842dca68e66c7a422eee499c4102f34fb20f367af9884fafc6b0803"
            ],
            "index": "pypi",
            "version": "==1.14.1"
        },
        "protobuf": {
            "hashes": [
                "sha256:1f22ac0ca65bb70a876060d96d914dae09ac98d114294f77584b0d2644fa9c30",
                "sha256:237216c3326d46808a9f7c26fd1bd4b20015fb6867dc5d263a493ef9a539293b",
                "sha256:27f4d15021da6d2b706ddc3860fac0a5ddaba34ab679dc182b60a8bb4e1121cc",
                "sha256:299ea899484ee6f44604deb71f424234f654606b983cb496ea2a53e3c63ab791",
                "sha256:3d164928ff0727d97022957c2b849250ca0e64777ee31efd7d6de2e07c494717",
                "sha256:6ab80df09e3208f742c98443b6166bcb70d65f52cfeb67357d52032ea1ae9bec",
                "sha256:78a28c9fa223998472886c77042e9b9afb6fe4242bd2a2a5aced88e3f4422aa7",
                "sha256:7cd532c4566d0e6feafecc1059d04c7915aec8e182d1cf7adee8b24ef1e2e6ab",
                "sha256:89f9149e4a0169cddfc44c74f230d7743002e3aa0b9472d8c28f0388102fc4c2",
                "sha256:a53fd3f03e578553623272dc46ac2f189de23862e68565e83dde203d41b76fc5",
                "sha256:b135410244ebe777db80298297a97fbb4c862c881b4403b71bac9d4107d61fd1",
                "sha256:b98d0148f84e3a3c569e19f52103ca1feacdac0d2df8d6533cf983d1fda28462",
                "sha256:d1736130bce8cf131ac7957fa26880ca19227d4ad68b4888b3be0dea1f95df97",
                "sha256:f45460f9ee70a0ec1b6694c6e4e348ad2019275680bd68a1d9314b8c7e01e574"
            ],
            "index": "pypi",
            "markers": "python_version >= '3.7'",
            "version": "==4.21.12"
        },
        "retrying": {
            "hashes": [
                "sha256:08c039560a6da2fe4f2c426d0766e284d3b736e355f8dd24b37367b0bb41973b"
            ],
            "index": "pypi",
            "version": "==1.3.3"
        },
        "setuptools": {
            "hashes": [
                "sha256:4ac1475276d2f1c48684874089fefcd83bd7162ddaafb81fac866ba0db282a87",
                "sha256:b454a35605876da60632df1a60f736524eb73cc47bbc9f3f1ef1b644de74fd2a"
            ],
            "markers": "python_version >= '3.8'",
            "version": "==68.2.2"
        },
        "six": {
            "hashes": [
                "sha256:1e61c37477a1626458e36f7b1d82aa5c9b094fa4802892072e49de9c60c4c926",
                "sha256:8abb2f1d86890a2dfb989f9a77cfcfd3e47c2a354b01111771326f8aa26e0254"
            ],
            "markers": "python_version >= '2.7' and python_version not in '3.0, 3.1, 3.2, 3.3'",
            "version": "==1.16.0"
        }
    },
    "develop": {}
}
